
Microsoft Visual Studio Solution File, Format Version 12.00
# Visual Studio 15
VisualStudioVersion = 15.0.27703.2042
MinimumVisualStudioVersion = 10.0.40219.1
Project("{FAE04EC0-301F-11D3-BF4B-00C04F79EFBC}") = "SteamBuildUpdater_Console", "SteamBuildUpdater_Console\SteamBuildUpdater_Console.csproj", "{A9657D3A-2117-4AE7-B899-76298DA35BD3}"
EndProject
Global
	GlobalSection(SolutionConfigurationPlatforms) = preSolution
		Debug|Any CPU = Debug|Any CPU
		Release|Any CPU = Release|Any CPU
	EndGlobalSection
	GlobalSection(ProjectConfigurationPlatforms) = postSolution
		{A9657D3A-2117-4AE7-B899-76298DA35BD3}.Debug|Any CPU.ActiveCfg = Debug|Any CPU
		{A9657D3A-2117-4AE7-B899-76298DA35BD3}.Debug|Any CPU.Build.0 = Debug|Any CPU
		{A9657D3A-2117-4AE7-B899-76298DA35BD3}.Release|Any CPU.ActiveCfg = Release|Any CPU
		{A9657D3A-2117-4AE7-B899-76298DA35BD3}.Release|Any CPU.Build.0 = Release|Any CPU
	EndGlobalSection
	GlobalSection(SolutionProperties) = preSolution
		HideSolutionNode = FALSE
	EndGlobalSection
	GlobalSection(ExtensibilityGlobals) = postSolution
		SolutionGuid = {107F94A3-CC80-4DFC-A40B-54A06C9A482D}
	EndGlobalSection
EndGlobal
